
Microsoft Visual Studio Solution File, Format Version 12.00
# Visual Studio Version 16
VisualStudioVersion = 16.0.33328.57
MinimumVisualStudioVersion = 10.0.40219.1
Project("{FAE04EC0-301F-11D3-BF4B-00C04F79EFBC}") = "Soaps", "Soaps.csproj", "{8A951AB5-2DFF-4899-BDCA-07DCB58CBE81}"
EndProject
Global
	GlobalSection(SolutionConfigurationPlatforms) = preSolution
		Debug|Any CPU = Debug|Any CPU
		Release|Any CPU = Release|Any CPU
	EndGlobalSection
	GlobalSection(ProjectConfigurationPlatforms) = postSolution
		{8A951AB5-2DFF-4899-BDCA-07DCB58CBE81}.Debug|Any CPU.ActiveCfg = Debug|Any CPU
		{8A951AB5-2DFF-4899-BDCA-07DCB58CBE81}.Debug|Any CPU.Build.0 = Debug|Any CPU
		{8A951AB5-2DFF-4899-BDCA-07DCB58CBE81}.Release|Any CPU.ActiveCfg = Release|Any CPU
		{8A951AB5-2DFF-4899-BDCA-07DCB58CBE81}.Release|Any CPU.Build.0 = Release|Any CPU
	EndGlobalSection
	GlobalSection(SolutionProperties) = preSolution
		HideSolutionNode = FALSE
	EndGlobalSection
	GlobalSection(ExtensibilityGlobals) = postSolution
		SolutionGuid = {829901C5-8728-4E68-8112-629AA3B60D43}
	EndGlobalSection
EndGlobal
